
Microsoft Visual Studio Solution File, Format Version 12.00
# Visual Studio Version 17
VisualStudioVersion = 17.3.32901.215
MinimumVisualStudioVersion = 10.0.40219.1
Project("{9A19103F-16F7-4668-BE54-9A1E7A4F7556}") = "SynapseConnectTest", "SynapseConnectTest\SynapseConnectTest.csproj", "{DA40D6CA-8A64-4EF1-A2BA-81C78BAF46A2}"
EndProject
Project("{9A19103F-16F7-4668-BE54-9A1E7A4F7556}") = "SampleApp.Client", "Client\SampleApp.Client.csproj", "{AD1407F9-4077-43E2-B2AA-97DA1F297A0C}"
EndProject
Project("{9A19103F-16F7-4668-BE54-9A1E7A4F7556}") = "SampleApp.Shared", "Shared\SampleApp.Shared.csproj", "{61D6E8A8-C06C-43EB-AC99-6DB03D904F40}"
EndProject
Project("{9A19103F-16F7-4668-BE54-9A1E7A4F7556}") = "SampleApp.Server", "Server\SampleApp.Server.csproj", "{EF1AE044-5CED-49C2-A1D8-97CD755EEF21}"
EndProject
Project("{2150E333-8FDC-42A3-9474-1A3956D46DE8}") = "Sql", "Sql", "{643482E3-D017-4465-B231-F7061E372DA5}"
	ProjectSection(SolutionItems) = preProject
		CreateDb.sql = CreateDb.sql
		DataCleanup.sql = DataCleanup.sql
	EndProjectSection
EndProject
Global
	GlobalSection(SolutionConfigurationPlatforms) = preSolution
		Debug|Any CPU = Debug|Any CPU
		Release|Any CPU = Release|Any CPU
	EndGlobalSection
	GlobalSection(ProjectConfigurationPlatforms) = postSolution
		{DA40D6CA-8A64-4EF1-A2BA-81C78BAF46A2}.Debug|Any CPU.ActiveCfg = Debug|Any CPU
		{DA40D6CA-8A64-4EF1-A2BA-81C78BAF46A2}.Debug|Any CPU.Build.0 = Debug|Any CPU
		{DA40D6CA-8A64-4EF1-A2BA-81C78BAF46A2}.Release|Any CPU.ActiveCfg = Release|Any CPU
		{DA40D6CA-8A64-4EF1-A2BA-81C78BAF46A2}.Release|Any CPU.Build.0 = Release|Any CPU
		{AD1407F9-4077-43E2-B2AA-97DA1F297A0C}.Debug|Any CPU.ActiveCfg = Debug|Any CPU
		{AD1407F9-4077-43E2-B2AA-97DA1F297A0C}.Debug|Any CPU.Build.0 = Debug|Any CPU
		{AD1407F9-4077-43E2-B2AA-97DA1F297A0C}.Release|Any CPU.ActiveCfg = Release|Any CPU
		{AD1407F9-4077-43E2-B2AA-97DA1F297A0C}.Release|Any CPU.Build.0 = Release|Any CPU
		{61D6E8A8-C06C-43EB-AC99-6DB03D904F40}.Debug|Any CPU.ActiveCfg = Debug|Any CPU
		{61D6E8A8-C06C-43EB-AC99-6DB03D904F40}.Debug|Any CPU.Build.0 = Debug|Any CPU
		{61D6E8A8-C06C-43EB-AC99-6DB03D904F40}.Release|Any CPU.ActiveCfg = Release|Any CPU
		{61D6E8A8-C06C-43EB-AC99-6DB03D904F40}.Release|Any CPU.Build.0 = Release|Any CPU
		{EF1AE044-5CED-49C2-A1D8-97CD755EEF21}.Debug|Any CPU.ActiveCfg = Debug|Any CPU
		{EF1AE044-5CED-49C2-A1D8-97CD755EEF21}.Debug|Any CPU.Build.0 = Debug|Any CPU
		{EF1AE044-5CED-49C2-A1D8-97CD755EEF21}.Release|Any CPU.ActiveCfg = Release|Any CPU
		{EF1AE044-5CED-49C2-A1D8-97CD755EEF21}.Release|Any CPU.Build.0 = Release|Any CPU
	EndGlobalSection
	GlobalSection(SolutionProperties) = preSolution
		HideSolutionNode = FALSE
	EndGlobalSection
	GlobalSection(ExtensibilityGlobals) = postSolution
		SolutionGuid = {9AE314F4-BD2D-41D8-ABBD-BC06380459E5}
	EndGlobalSection
EndGlobal
